// !$*UTF8*$!
{
	archiveVersion = 1;
	classes = {
	};
	objectVersion = 46;
	objects = {

/* Begin PBXBuildFile section */
		9400BB951CB9E753003F0289 /* AppDelegate.swift in Sources */ = {isa = PBXBuildFile; fileRef = 9400BB941CB9E753003F0289 /* AppDelegate.swift */; };
		9400BB971CB9E753003F0289 /* ViewController.swift in Sources */ = {isa = PBXBuildFile; fileRef = 9400BB961CB9E753003F0289 /* ViewController.swift */; };
		9400BB9A1CB9E753003F0289 /* Main.storyboard in Resources */ = {isa = PBXBuildFile; fileRef = 9400BB981CB9E753003F0289 /* Main.storyboard */; };
		9400BB9D1CB9E753003F0289 /* SomeJunk.xcdatamodeld in Sources */ = {isa = PBXBuildFile; fileRef = 9400BB9B1CB9E753003F0289 /* SomeJunk.xcdatamodeld */; };
		9400BB9F1CB9E753003F0289 /* Assets.xcassets in Resources */ = {isa = PBXBuildFile; fileRef = 9400BB9E1CB9E753003F0289 /* Assets.xcassets */; };
		9400BBA21CB9E753003F0289 /* LaunchScreen.storyboard in Resources */ = {isa = PBXBuildFile; fileRef = 9400BBA01CB9E753003F0289 /* LaunchScreen.storyboard */; };
/* End PBXBuildFile section */

/* Begin PBXFileReference section */
		9400BB911CB9E753003F0289 /* SomeJunk.app */ = {isa = PBXFileReference; explicitFileType = wrapper.application; includeInIndex = 0; path = SomeJunk.app; sourceTree = BUILT_PRODUCTS_DIR; };
		9400BB941CB9E753003F0289 /* AppDelegate.swift */ = {isa = PBXFileReference; lastKnownFileType = sourcecode.swift; path = AppDelegate.swift; sourceTree = "<group>"; };
		9400BB961CB9E753003F0289 /* ViewController.swift */ = {isa = PBXFileReference; lastKnownFileType = sourcecode.swift; path = ViewController.swift; sourceTree = "<group>"; };
		9400BB991CB9E753003F0289 /* Base */ = {isa = PBXFileReference; lastKnownFileType = file.storyboard; name = Base; path = Base.lproj/Main.storyboard; sourceTree = "<group>"; };
		9400BB9C1CB9E753003F0289 /* SomeJunk.xcdatamodel */ = {isa = PBXFileReference; lastKnownFileType = wrapper.xcdatamodel; path = SomeJunk.xcdatamodel; sourceTree = "<group>"; };
		9400BB9E1CB9E753003F0289 /* Assets.xcassets */ = {isa = PBXFileReference; lastKnownFileType = folder.assetcatalog; path = Assets.xcassets; sourceTree = "<group>"; };
		9400BBA11CB9E753003F0289 /* Base */ = {isa = PBXFileReference; lastKnownFileType = file.storyboard; name = Base; path = Base.lproj/LaunchScreen.storyboard; sourceTree = "<group>"; };
		9400BBA31CB9E753003F0289 /* Info.plist */ = {isa = PBXFileReference; lastKnownFileType = text.plist.xml; path = Info.plist; sourceTree = "<group>"; };
/* End PBXFileReference section */

/* Begin PBXFrameworksBuildPhase section */
		9400BB8E1CB9E753003F0289 /* Frameworks */ = {
			isa = PBXFrameworksBuildPhase;
			buildActionMask = 2147483647;
			files = (
			);
			runOnlyForDeploymentPostprocessing = 0;
		};
/* End PBXFrameworksBuildPhase section */

/* Begin PBXGroup section */
		9400BB881CB9E752003F0289 = {
			isa = PBXGroup;
			children = (
				9400BB931CB9E753003F0289 /* SomeJunk */,
				9400BB921CB9E753003F0289 /* Products */,
			);
			sourceTree = "<group>";
		};
		9400BB921CB9E753003F0289 /* Products */ = {
			isa = PBXGroup;
			children = (
				9400BB911CB9E753003F0289 /* SomeJunk.app */,
			);
			name = Products;
			sourceTree = "<group>";
		};
		9400BB931CB9E753003F0289 /* SomeJunk */ = {
			isa = PBXGroup;
			children = (
				9400BB941CB9E753003F0289 /* AppDelegate.swift */,
				9400BB961CB9E753003F0289 /* ViewController.swift */,
				9400BB981CB9E753003F0289 /* Main.storyboard */,
				9400BB9E1CB9E753003F0289 /* Assets.xcassets */,
				9400BBA01CB9E753003F0289 /* LaunchScreen.storyboard */,
				9400BBA31CB9E753003F0289 /* Info.plist */,
				9400BB9B1CB9E753003F0289 /* SomeJunk.xcdatamodeld */,
			);
			path = SomeJunk;
			sourceTree = "<group>";
		};
/* End PBXGroup section */

/* Begin PBXNativeTarget section */
		9400BB901CB9E753003F0289 /* SomeJunk */ = {
			isa = PBXNativeTarget;
			buildConfigurationList = 9400BBA61CB9E753003F0289 /* Build configuration list for PBXNativeTarget "SomeJunk" */;
			buildPhases = (
				9400BB8D1CB9E753003F0289 /* Sources */,
				9400BB8E1CB9E753003F0289 /* Frameworks */,
				9400BB8F1CB9E753003F0289 /* Resources */,
			);
			buildRules = (
			);
			dependencies = (
			);
			name = SomeJunk;
			productName = SomeJunk;
			productReference = 9400BB911CB9E753003F0289 /* SomeJunk.app */;
			productType = "com.apple.product-type.application";
		};
/* End PBXNativeTarget section */

/* Begin PBXProject section */
		9400BB891CB9E752003F0289 /* Project object */ = {
			isa = PBXProject;
			attributes = {
				LastSwiftUpdateCheck = 0720;
				LastUpgradeCheck = 0720;
				ORGANIZATIONNAME = Monsieurdaccord;
				TargetAttributes = {
					9400BB901CB9E753003F0289 = {
						CreatedOnToolsVersion = 7.2.1;
					};
				};
			};
			buildConfigurationList = 9400BB8C1CB9E752003F0289 /* Build configuration list for PBXProject "SomeJunk" */;
			compatibilityVersion = "Xcode 3.2";
			developmentRegion = English;
			hasScannedForEncodings = 0;
			knownRegions = (
				en,
				Base,
			);
			mainGroup = 9400BB881CB9E752003F0289;
			productRefGroup = 9400BB921CB9E753003F0289 /* Products */;
			projectDirPath = "";
			projectRoot = "";
			targets = (
				9400BB901CB9E753003F0289 /* SomeJunk */,
			);
		};
/* End PBXProject section */

/* Begin PBXResourcesBuildPhase section */
		9400BB8F1CB9E753003F0289 /* Resources */ = {
			isa = PBXResourcesBuildPhase;
			buildActionMask = 2147483647;
			files = (
				9400BBA21CB9E753003F0289 /* LaunchScreen.storyboard in Resources */,
				9400BB9F1CB9E753003F0289 /* Assets.xcassets in Resources */,
				9400BB9A1CB9E753003F0289 /* Main.storyboard in Resources */,
			);
			runOnlyForDeploymentPostprocessing = 0;
		};
/* End PBXResourcesBuildPhase section */

/* Begin PBXSourcesBuildPhase section */
		9400BB8D1CB9E753003F0289 /* Sources */ = {
			isa = PBXSourcesBuildPhase;
			buildActionMask = 2147483647;
			files = (
				9400BB971CB9E753003F0289 /* ViewController.swift in Sources */,
				9400BB9D1CB9E753003F0289 /* SomeJunk.xcdatamodeld in Sources */,
				9400BB951CB9E753003F0289 /* AppDelegate.swift in Sources */,
			);
			runOnlyForDeploymentPostprocessing = 0;
		};
/* End PBXSourcesBuildPhase section */

/* Begin PBXVariantGroup section */
		9400BB981CB9E753003F0289 /* Main.storyboard */ = {
			isa = PBXVariantGroup;
			children = (
				9400BB991CB9E753003F0289 /* Base */,
			);
			name = Main.storyboard;
			sourceTree = "<group>";
		};
		9400BBA01CB9E753003F0289 /* LaunchScreen.storyboard */ = {
			isa = PBXVariantGroup;
			children = (
				9400BBA11CB9E753003F0289 /* Base */,
			);
			name = LaunchScreen.storyboard;
			sourceTree = "<group>";
		};
/* End PBXVariantGroup section */

/* Begin XCBuildConfiguration section */
		9400BBA41CB9E753003F0289 /* Debug */ = {
			isa = XCBuildConfiguration;
			buildSettings = {
				ALWAYS_SEARCH_USER_PATHS = NO;
				CLANG_CXX_LANGUAGE_STANDARD = "gnu++0x";
				CLANG_CXX_LIBRARY = "libc++";
				CLANG_ENABLE_MODULES = YES;
				CLANG_ENABLE_OBJC_ARC = YES;
				CLANG_WARN_BOOL_CONVERSION = YES;
				CLANG_WARN_CONSTANT_CONVERSION = YES;
				CLANG_WARN_DIRECT_OBJC_ISA_USAGE = YES_ERROR;
				CLANG_WARN_EMPTY_BODY = YES;
				CLANG_WARN_ENUM_CONVERSION = YES;
				CLANG_WARN_INT_CONVERSION = YES;
				CLANG_WARN_OBJC_ROOT_CLASS = YES_ERROR;
				CLANG_WARN_UNREACHABLE_CODE = YES;
				CLANG_WARN__DUPLICATE_METHOD_MATCH = YES;
				"CODE_SIGN_IDENTITY[sdk=iphoneos*]" = "iPhone Developer";
				COPY_PHASE_STRIP = NO;
				DEBUG_INFORMATION_FORMAT = dwarf;
				ENABLE_STRICT_OBJC_MSGSEND = YES;
				ENABLE_TESTABILITY = YES;
				GCC_C_LANGUAGE_STANDARD = gnu99;
				GCC_DYNAMIC_NO_PIC = NO;
				GCC_NO_COMMON_BLOCKS = YES;
				GCC_OPTIMIZATION_LEVEL = 0;
				GCC_PREPROCESSOR_DEFINITIONS = (
					"DEBUG=1",
					"$(inherited)",
				);
				GCC_WARN_64_TO_32_BIT_CONVERSION = YES;
				GCC_WARN_ABOUT_RETURN_TYPE = YES_ERROR;
				GCC_WARN_UNDECLARED_SELECTOR = YES;
				GCC_WARN_UNINITIALIZED_AUTOS = YES_AGGRESSIVE;
				GCC_WARN_UNUSED_FUNCTION = YES;
				GCC_WARN_UNUSED_VARIABLE = YES;
				IPHONEOS_DEPLOYMENT_TARGET = 9.2;
				MTL_ENABLE_DEBUG_INFO = YES;
				ONLY_ACTIVE_ARCH = YES;
				SDKROOT = iphoneos;
				SWIFT_OPTIMIZATION_LEVEL = "-Onone";
				TARGETED_DEVICE_FAMILY = "1,2";
			};
			name = Debug;
		};
		9400BBA51CB9E753003F0289 /* Release */ = {
			isa = XCBuildConfiguration;
			buildSettings = {
				ALWAYS_SEARCH_USER_PATHS = NO;
				CLANG_CXX_LANGUAGE_STANDARD = "gnu++0x";
				CLANG_CXX_LIBRARY = "libc++";
				CLANG_ENABLE_MODULES = YES;
				CLANG_ENABLE_OBJC_ARC = YES;
				CLANG_WARN_BOOL_CONVERSION = YES;
				CLANG_WARN_CONSTANT_CONVERSION = YES;
				CLANG_WARN_DIRECT_OBJC_ISA_USAGE = YES_ERROR;
				CLANG_WARN_EMPTY_BODY = YES;
				CLANG_WARN_ENUM_CONVERSION = YES;
				CLANG_WARN_INT_CONVERSION = YES;
				CLANG_WARN_OBJC_ROOT_CLASS = YES_ERROR;
				CLANG_WARN_UNREACHABLE_CODE = YES;
				CLANG_WARN__DUPLICATE_METHOD_MATCH = YES;
				"CODE_SIGN_IDENTITY[sdk=iphoneos*]" = "iPhone Developer";
				COPY_PHASE_STRIP = NO;
				DEBUG_INFORMATION_FORMAT = "dwarf-with-dsym";
				ENABLE_NS_ASSERTIONS = NO;
				ENABLE_STRICT_OBJC_MSGSEND = YES;
				GCC_C_LANGUAGE_STANDARD = gnu99;
				GCC_NO_COMMON_BLOCKS = YES;
				GCC_WARN_64_TO_32_BIT_CONVERSION = YES;
				GCC_WARN_ABOUT_RETURN_TYPE = YES_ERROR;
				GCC_WARN_UNDECLARED_SELECTOR = YES;
				GCC_WARN_UNINITIALIZED_AUTOS = YES_AGGRESSIVE;
				GCC_WARN_UNUSED_FUNCTION = YES;
				GCC_WARN_UNUSED_VARIABLE = YES;
				IPHONEOS_DEPLOYMENT_TARGET = 9.2;
				MTL_ENABLE_DEBUG_INFO = NO;
				SDKROOT = iphoneos;
				TARGETED_DEVICE_FAMILY = "1,2";
				VALIDATE_PRODUCT = YES;
			};
			name = Release;
		};
		9400BBA71CB9E753003F0289 /* Debug */ = {
			isa = XCBuildConfiguration;
			buildSettings = {
				ASSETCATALOG_COMPILER_APPICON_NAME = AppIcon;
				INFOPLIST_FILE = SomeJunk/Info.plist;
				LD_RUNPATH_SEARCH_PATHS = "$(inherited) @executable_path/Frameworks";
				PRODUCT_BUNDLE_IDENTIFIER = com.monsieurdaccord.SomeJunk;
				PRODUCT_NAME = "$(TARGET_NAME)";
			};
			name = Debug;
		};
		9400BBA81CB9E753003F0289 /* Release */ = {
			isa = XCBuildConfiguration;
			buildSettings = {
				ASSETCATALOG_COMPILER_APPICON_NAME = AppIcon;
				INFOPLIST_FILE = SomeJunk/Info.plist;
				LD_RUNPATH_SEARCH_PATHS = "$(inherited) @executable_path/Frameworks";
				PRODUCT_BUNDLE_IDENTIFIER = com.monsieurdaccord.SomeJunk;
				PRODUCT_NAME = "$(TARGET_NAME)";
			};
			name = Release;
		};
/* End XCBuildConfiguration section */

/* Begin XCConfigurationList section */
		9400BB8C1CB9E752003F0289 /* Build configuration list for PBXProject "SomeJunk" */ = {
			isa = XCConfigurationList;
			buildConfigurations = (
				9400BBA41CB9E753003F0289 /* Debug */,
				9400BBA51CB9E753003F0289 /* Release */,
			);
			defaultConfigurationIsVisible = 0;
			defaultConfigurationName = Release;
		};
		9400BBA61CB9E753003F0289 /* Build configuration list for PBXNativeTarget "SomeJunk" */ = {
			isa = XCConfigurationList;
			buildConfigurations = (
				9400BBA71CB9E753003F0289 /* Debug */,
				9400BBA81CB9E753003F0289 /* Release */,
			);
			defaultConfigurationIsVisible = 0;
		};
/* End XCConfigurationList section */

/* Begin XCVersionGroup section */
		9400BB9B1CB9E753003F0289 /* SomeJunk.xcdatamodeld */ = {
			isa = XCVersionGroup;
			children = (
				9400BB9C1CB9E753003F0289 /* SomeJunk.xcdatamodel */,
			);
			currentVersion = 9400BB9C1CB9E753003F0289 /* SomeJunk.xcdatamodel */;
			path = SomeJunk.xcdatamodeld;
			sourceTree = "<group>";
			versionGroupType = wrapper.xcdatamodel;
		};
/* End XCVersionGroup section */
	};
	rootObject = 9400BB891CB9E752003F0289 /* Project object */;
}
